// !$*UTF8*$!
{
	archiveVersion = 1;
	classes = {
	};
	objectVersion = 56;
	objects = {

/* Begin PBXBuildFile section */
		793C97A22BBC16E7007B753E /* ViewBuilderLayout.swift in Sources */ = {isa = PBXBuildFile; fileRef = 793C97A12BBC16E7007B753E /* ViewBuilderLayout.swift */; };
		7991E2AF2BB515FE00F4FD2C /* AdventureApp.swift in Sources */ = {isa = PBXBuildFile; fileRef = 7991E2AE2BB515FE00F4FD2C /* AdventureApp.swift */; };
		7991E2B12BB515FE00F4FD2C /* ContentView.swift in Sources */ = {isa = PBXBuildFile; fileRef = 7991E2B02BB515FE00F4FD2C /* ContentView.swift */; };
		7991E2B32BB515FF00F4FD2C /* Assets.xcassets in Resources */ = {isa = PBXBuildFile; fileRef = 7991E2B22BB515FF00F4FD2C /* Assets.xcassets */; };
		7991E2B62BB515FF00F4FD2C /* Preview Assets.xcassets in Resources */ = {isa = PBXBuildFile; fileRef = 7991E2B52BB515FF00F4FD2C /* Preview Assets.xcassets */; };
		7991E2BE2BB51CAD00F4FD2C /* Kanit-Regular.ttf in Resources */ = {isa = PBXBuildFile; fileRef = 7991E2BD2BB51CAD00F4FD2C /* Kanit-Regular.ttf */; };
		7991E2C12BB55BC500F4FD2C /* LayoutStack.swift in Sources */ = {isa = PBXBuildFile; fileRef = 7991E2C02BB55BC500F4FD2C /* LayoutStack.swift */; };
		7991E2C32BB56D1400F4FD2C /* ScrollLayout.swift in Sources */ = {isa = PBXBuildFile; fileRef = 7991E2C22BB56D1400F4FD2C /* ScrollLayout.swift */; };
		7991E2C52BB57AD100F4FD2C /* ButtonLayout.swift in Sources */ = {isa = PBXBuildFile; fileRef = 7991E2C42BB57AD100F4FD2C /* ButtonLayout.swift */; };
		7991E2C72BB5860F00F4FD2C /* StateLayout.swift in Sources */ = {isa = PBXBuildFile; fileRef = 7991E2C62BB5860F00F4FD2C /* StateLayout.swift */; };
		7991E2C92BB58A4200F4FD2C /* ShapeLayout.swift in Sources */ = {isa = PBXBuildFile; fileRef = 7991E2C82BB58A4200F4FD2C /* ShapeLayout.swift */; };
		7991E2F62BB5BD9500F4FD2C /* AnimationLayout.swift in Sources */ = {isa = PBXBuildFile; fileRef = 7991E2F52BB5BD9500F4FD2C /* AnimationLayout.swift */; };
		7991E2F82BB5F3ED00F4FD2C /* FormLayout.swift in Sources */ = {isa = PBXBuildFile; fileRef = 7991E2F72BB5F3ED00F4FD2C /* FormLayout.swift */; };
/* End PBXBuildFile section */

/* Begin PBXFileReference section */
		793C97A12BBC16E7007B753E /* ViewBuilderLayout.swift */ = {isa = PBXFileReference; lastKnownFileType = sourcecode.swift; path = ViewBuilderLayout.swift; sourceTree = "<group>"; };
		7991E2AB2BB515FE00F4FD2C /* Adventure.app */ = {isa = PBXFileReference; explicitFileType = wrapper.application; includeInIndex = 0; path = Adventure.app; sourceTree = BUILT_PRODUCTS_DIR; };
		7991E2AE2BB515FE00F4FD2C /* AdventureApp.swift */ = {isa = PBXFileReference; lastKnownFileType = sourcecode.swift; path = AdventureApp.swift; sourceTree = "<group>"; };
		7991E2B02BB515FE00F4FD2C /* ContentView.swift */ = {isa = PBXFileReference; lastKnownFileType = sourcecode.swift; path = ContentView.swift; sourceTree = "<group>"; };
		7991E2B22BB515FF00F4FD2C /* Assets.xcassets */ = {isa = PBXFileReference; lastKnownFileType = folder.assetcatalog; path = Assets.xcassets; sourceTree = "<group>"; };
		7991E2B52BB515FF00F4FD2C /* Preview Assets.xcassets */ = {isa = PBXFileReference; lastKnownFileType = folder.assetcatalog; path = "Preview Assets.xcassets"; sourceTree = "<group>"; };
		7991E2BD2BB51CAD00F4FD2C /* Kanit-Regular.ttf */ = {isa = PBXFileReference; lastKnownFileType = file; path = "Kanit-Regular.ttf"; sourceTree = "<group>"; };
		7991E2BF2BB51D0600F4FD2C /* Info.plist */ = {isa = PBXFileReference; lastKnownFileType = text.plist; path = Info.plist; sourceTree = "<group>"; };
		7991E2C02BB55BC500F4FD2C /* LayoutStack.swift */ = {isa = PBXFileReference; lastKnownFileType = sourcecode.swift; path = LayoutStack.swift; sourceTree = "<group>"; };
		7991E2C22BB56D1400F4FD2C /* ScrollLayout.swift */ = {isa = PBXFileReference; lastKnownFileType = sourcecode.swift; path = ScrollLayout.swift; sourceTree = "<group>"; };
		7991E2C42BB57AD100F4FD2C /* ButtonLayout.swift */ = {isa = PBXFileReference; lastKnownFileType = sourcecode.swift; path = ButtonLayout.swift; sourceTree = "<group>"; };
		7991E2C62BB5860F00F4FD2C /* StateLayout.swift */ = {isa = PBXFileReference; lastKnownFileType = sourcecode.swift; path = StateLayout.swift; sourceTree = "<group>"; };
		7991E2C82BB58A4200F4FD2C /* ShapeLayout.swift */ = {isa = PBXFileReference; lastKnownFileType = sourcecode.swift; path = ShapeLayout.swift; sourceTree = "<group>"; };
		7991E2F52BB5BD9500F4FD2C /* AnimationLayout.swift */ = {isa = PBXFileReference; lastKnownFileType = sourcecode.swift; path = AnimationLayout.swift; sourceTree = "<group>"; };
		7991E2F72BB5F3ED00F4FD2C /* FormLayout.swift */ = {isa = PBXFileReference; lastKnownFileType = sourcecode.swift; path = FormLayout.swift; sourceTree = "<group>"; };
/* End PBXFileReference section */

/* Begin PBXFrameworksBuildPhase section */
		7991E2A82BB515FE00F4FD2C /* Frameworks */ = {
			isa = PBXFrameworksBuildPhase;
			buildActionMask = 2147483647;
			files = (
			);
			runOnlyForDeploymentPostprocessing = 0;
		};
/* End PBXFrameworksBuildPhase section */

/* Begin PBXGroup section */
		7991E2A22BB515FE00F4FD2C = {
			isa = PBXGroup;
			children = (
				7991E2AD2BB515FE00F4FD2C /* Adventure */,
				7991E2AC2BB515FE00F4FD2C /* Products */,
			);
			sourceTree = "<group>";
		};
		7991E2AC2BB515FE00F4FD2C /* Products */ = {
			isa = PBXGroup;
			children = (
				7991E2AB2BB515FE00F4FD2C /* Adventure.app */,
			);
			name = Products;
			sourceTree = "<group>";
		};
		7991E2AD2BB515FE00F4FD2C /* Adventure */ = {
			isa = PBXGroup;
			children = (
				7991E2BF2BB51D0600F4FD2C /* Info.plist */,
				7991E2BC2BB51C4000F4FD2C /* fonts */,
				7991E2AE2BB515FE00F4FD2C /* AdventureApp.swift */,
				7991E2B02BB515FE00F4FD2C /* ContentView.swift */,
				7991E2B22BB515FF00F4FD2C /* Assets.xcassets */,
				7991E2B42BB515FF00F4FD2C /* Preview Content */,
				7991E2C02BB55BC500F4FD2C /* LayoutStack.swift */,
				7991E2C22BB56D1400F4FD2C /* ScrollLayout.swift */,
				7991E2C42BB57AD100F4FD2C /* ButtonLayout.swift */,
				7991E2C62BB5860F00F4FD2C /* StateLayout.swift */,
				7991E2C82BB58A4200F4FD2C /* ShapeLayout.swift */,
				7991E2F52BB5BD9500F4FD2C /* AnimationLayout.swift */,
				7991E2F72BB5F3ED00F4FD2C /* FormLayout.swift */,
				793C97A12BBC16E7007B753E /* ViewBuilderLayout.swift */,
			);
			path = Adventure;
			sourceTree = "<group>";
		};
		7991E2B42BB515FF00F4FD2C /* Preview Content */ = {
			isa = PBXGroup;
			children = (
				7991E2B52BB515FF00F4FD2C /* Preview Assets.xcassets */,
			);
			path = "Preview Content";
			sourceTree = "<group>";
		};
		7991E2BC2BB51C4000F4FD2C /* fonts */ = {
			isa = PBXGroup;
			children = (
				7991E2BD2BB51CAD00F4FD2C /* Kanit-Regular.ttf */,
			);
			path = fonts;
			sourceTree = "<group>";
		};
/* End PBXGroup section */

/* Begin PBXNativeTarget section */
		7991E2AA2BB515FE00F4FD2C /* Adventure */ = {
			isa = PBXNativeTarget;
			buildConfigurationList = 7991E2B92BB515FF00F4FD2C /* Build configuration list for PBXNativeTarget "Adventure" */;
			buildPhases = (
				7991E2A72BB515FE00F4FD2C /* Sources */,
				7991E2A82BB515FE00F4FD2C /* Frameworks */,
				7991E2A92BB515FE00F4FD2C /* Resources */,
			);
			buildRules = (
			);
			dependencies = (
			);
			name = Adventure;
			productName = Adventure;
			productReference = 7991E2AB2BB515FE00F4FD2C /* Adventure.app */;
			productType = "com.apple.product-type.application";
		};
/* End PBXNativeTarget section */

/* Begin PBXProject section */
		7991E2A32BB515FE00F4FD2C /* Project object */ = {
			isa = PBXProject;
			attributes = {
				BuildIndependentTargetsInParallel = 1;
				LastSwiftUpdateCheck = 1530;
				LastUpgradeCheck = 1530;
				TargetAttributes = {
					7991E2AA2BB515FE00F4FD2C = {
						CreatedOnToolsVersion = 15.3;
					};
				};
			};
			buildConfigurationList = 7991E2A62BB515FE00F4FD2C /* Build configuration list for PBXProject "Adventure" */;
			compatibilityVersion = "Xcode 14.0";
			developmentRegion = en;
			hasScannedForEncodings = 0;
			knownRegions = (
				en,
				Base,
			);
			mainGroup = 7991E2A22BB515FE00F4FD2C;
			productRefGroup = 7991E2AC2BB515FE00F4FD2C /* Products */;
			projectDirPath = "";
			projectRoot = "";
			targets = (
				7991E2AA2BB515FE00F4FD2C /* Adventure */,
			);
		};
/* End PBXProject section */

/* Begin PBXResourcesBuildPhase section */
		7991E2A92BB515FE00F4FD2C /* Resources */ = {
			isa = PBXResourcesBuildPhase;
			buildActionMask = 2147483647;
			files = (
				7991E2B62BB515FF00F4FD2C /* Preview Assets.xcassets in Resources */,
				7991E2B32BB515FF00F4FD2C /* Assets.xcassets in Resources */,
				7991E2BE2BB51CAD00F4FD2C /* Kanit-Regular.ttf in Resources */,
			);
			runOnlyForDeploymentPostprocessing = 0;
		};
/* End PBXResourcesBuildPhase section */

/* Begin PBXSourcesBuildPhase section */
		7991E2A72BB515FE00F4FD2C /* Sources */ = {
			isa = PBXSourcesBuildPhase;
			buildActionMask = 2147483647;
			files = (
				7991E2C92BB58A4200F4FD2C /* ShapeLayout.swift in Sources */,
				7991E2C12BB55BC500F4FD2C /* LayoutStack.swift in Sources */,
				793C97A22BBC16E7007B753E /* ViewBuilderLayout.swift in Sources */,
				7991E2B12BB515FE00F4FD2C /* ContentView.swift in Sources */,
				7991E2C52BB57AD100F4FD2C /* ButtonLayout.swift in Sources */,
				7991E2C72BB5860F00F4FD2C /* StateLayout.swift in Sources */,
				7991E2F82BB5F3ED00F4FD2C /* FormLayout.swift in Sources */,
				7991E2C32BB56D1400F4FD2C /* ScrollLayout.swift in Sources */,
				7991E2F62BB5BD9500F4FD2C /* AnimationLayout.swift in Sources */,
				7991E2AF2BB515FE00F4FD2C /* AdventureApp.swift in Sources */,
			);
			runOnlyForDeploymentPostprocessing = 0;
		};
/* End PBXSourcesBuildPhase section */

/* Begin XCBuildConfiguration section */
		7991E2B72BB515FF00F4FD2C /* Debug */ = {
			isa = XCBuildConfiguration;
			buildSettings = {
				ALWAYS_SEARCH_USER_PATHS = NO;
				ASSETCATALOG_COMPILER_GENERATE_SWIFT_ASSET_SYMBOL_EXTENSIONS = YES;
				CLANG_ANALYZER_NONNULL = YES;
				CLANG_ANALYZER_NUMBER_OBJECT_CONVERSION = YES_AGGRESSIVE;
				CLANG_CXX_LANGUAGE_STANDARD = "gnu++20";
				CLANG_ENABLE_MODULES = YES;
				CLANG_ENABLE_OBJC_ARC = YES;
				CLANG_ENABLE_OBJC_WEAK = YES;
				CLANG_WARN_BLOCK_CAPTURE_AUTORELEASING = YES;
				CLANG_WARN_BOOL_CONVERSION = YES;
				CLANG_WARN_COMMA = YES;
				CLANG_WARN_CONSTANT_CONVERSION = YES;
				CLANG_WARN_DEPRECATED_OBJC_IMPLEMENTATIONS = YES;
				CLANG_WARN_DIRECT_OBJC_ISA_USAGE = YES_ERROR;
				CLANG_WARN_DOCUMENTATION_COMMENTS = YES;
				CLANG_WARN_EMPTY_BODY = YES;
				CLANG_WARN_ENUM_CONVERSION = YES;
				CLANG_WARN_INFINITE_RECURSION = YES;
				CLANG_WARN_INT_CONVERSION = YES;
				CLANG_WARN_NON_LITERAL_NULL_CONVERSION = YES;
				CLANG_WARN_OBJC_IMPLICIT_RETAIN_SELF = YES;
				CLANG_WARN_OBJC_LITERAL_CONVERSION = YES;
				CLANG_WARN_OBJC_ROOT_CLASS = YES_ERROR;
				CLANG_WARN_QUOTED_INCLUDE_IN_FRAMEWORK_HEADER = YES;
				CLANG_WARN_RANGE_LOOP_ANALYSIS = YES;
				CLANG_WARN_STRICT_PROTOTYPES = YES;
				CLANG_WARN_SUSPICIOUS_MOVE = YES;
				CLANG_WARN_UNGUARDED_AVAILABILITY = YES_AGGRESSIVE;
				CLANG_WARN_UNREACHABLE_CODE = YES;
				CLANG_WARN__DUPLICATE_METHOD_MATCH = YES;
				COPY_PHASE_STRIP = NO;
				DEBUG_INFORMATION_FORMAT = dwarf;
				ENABLE_STRICT_OBJC_MSGSEND = YES;
				ENABLE_TESTABILITY = YES;
				ENABLE_USER_SCRIPT_SANDBOXING = YES;
				GCC_C_LANGUAGE_STANDARD = gnu17;
				GCC_DYNAMIC_NO_PIC = NO;
				GCC_NO_COMMON_BLOCKS = YES;
				GCC_OPTIMIZATION_LEVEL = 0;
				GCC_PREPROCESSOR_DEFINITIONS = (
					"DEBUG=1",
					"$(inherited)",
				);
				GCC_WARN_64_TO_32_BIT_CONVERSION = YES;
				GCC_WARN_ABOUT_RETURN_TYPE = YES_ERROR;
				GCC_WARN_UNDECLARED_SELECTOR = YES;
				GCC_WARN_UNINITIALIZED_AUTOS = YES_AGGRESSIVE;
				GCC_WARN_UNUSED_FUNCTION = YES;
				GCC_WARN_UNUSED_VARIABLE = YES;
				IPHONEOS_DEPLOYMENT_TARGET = 17.4;
				LOCALIZATION_PREFERS_STRING_CATALOGS = YES;
				MTL_ENABLE_DEBUG_INFO = INCLUDE_SOURCE;
				MTL_FAST_MATH = YES;
				ONLY_ACTIVE_ARCH = YES;
				SDKROOT = iphoneos;
				SWIFT_ACTIVE_COMPILATION_CONDITIONS = "DEBUG $(inherited)";
				SWIFT_OPTIMIZATION_LEVEL = "-Onone";
			};
			name = Debug;
		};
		7991E2B82BB515FF00F4FD2C /* Release */ = {
			isa = XCBuildConfiguration;
			buildSettings = {
				ALWAYS_SEARCH_USER_PATHS = NO;
				ASSETCATALOG_COMPILER_GENERATE_SWIFT_ASSET_SYMBOL_EXTENSIONS = YES;
				CLANG_ANALYZER_NONNULL = YES;
				CLANG_ANALYZER_NUMBER_OBJECT_CONVERSION = YES_AGGRESSIVE;
				CLANG_CXX_LANGUAGE_STANDARD = "gnu++20";
				CLANG_ENABLE_MODULES = YES;
				CLANG_ENABLE_OBJC_ARC = YES;
				CLANG_ENABLE_OBJC_WEAK = YES;
				CLANG_WARN_BLOCK_CAPTURE_AUTORELEASING = YES;
				CLANG_WARN_BOOL_CONVERSION = YES;
				CLANG_WARN_COMMA = YES;
				CLANG_WARN_CONSTANT_CONVERSION = YES;
				CLANG_WARN_DEPRECATED_OBJC_IMPLEMENTATIONS = YES;
				CLANG_WARN_DIRECT_OBJC_ISA_USAGE = YES_ERROR;
				CLANG_WARN_DOCUMENTATION_COMMENTS = YES;
				CLANG_WARN_EMPTY_BODY = YES;
				CLANG_WARN_ENUM_CONVERSION = YES;
				CLANG_WARN_INFINITE_RECURSION = YES;
				CLANG_WARN_INT_CONVERSION = YES;
				CLANG_WARN_NON_LITERAL_NULL_CONVERSION = YES;
				CLANG_WARN_OBJC_IMPLICIT_RETAIN_SELF = YES;
				CLANG_WARN_OBJC_LITERAL_CONVERSION = YES;
				CLANG_WARN_OBJC_ROOT_CLASS = YES_ERROR;
				CLANG_WARN_QUOTED_INCLUDE_IN_FRAMEWORK_HEADER = YES;
				CLANG_WARN_RANGE_LOOP_ANALYSIS = YES;
				CLANG_WARN_STRICT_PROTOTYPES = YES;
				CLANG_WARN_SUSPICIOUS_MOVE = YES;
				CLANG_WARN_UNGUARDED_AVAILABILITY = YES_AGGRESSIVE;
				CLANG_WARN_UNREACHABLE_CODE = YES;
				CLANG_WARN__DUPLICATE_METHOD_MATCH = YES;
				COPY_PHASE_STRIP = NO;
				DEBUG_INFORMATION_FORMAT = "dwarf-with-dsym";
				ENABLE_NS_ASSERTIONS = NO;
				ENABLE_STRICT_OBJC_MSGSEND = YES;
				ENABLE_USER_SCRIPT_SANDBOXING = YES;
				GCC_C_LANGUAGE_STANDARD = gnu17;
				GCC_NO_COMMON_BLOCKS = YES;
				GCC_WARN_64_TO_32_BIT_CONVERSION = YES;
				GCC_WARN_ABOUT_RETURN_TYPE = YES_ERROR;
				GCC_WARN_UNDECLARED_SELECTOR = YES;
				GCC_WARN_UNINITIALIZED_AUTOS = YES_AGGRESSIVE;
				GCC_WARN_UNUSED_FUNCTION = YES;
				GCC_WARN_UNUSED_VARIABLE = YES;
				IPHONEOS_DEPLOYMENT_TARGET = 17.4;
				LOCALIZATION_PREFERS_STRING_CATALOGS = YES;
				MTL_ENABLE_DEBUG_INFO = NO;
				MTL_FAST_MATH = YES;
				SDKROOT = iphoneos;
				SWIFT_COMPILATION_MODE = wholemodule;
				VALIDATE_PRODUCT = YES;
			};
			name = Release;
		};
		7991E2BA2BB515FF00F4FD2C /* Debug */ = {
			isa = XCBuildConfiguration;
			buildSettings = {
				ASSETCATALOG_COMPILER_APPICON_NAME = AppIcon;
				ASSETCATALOG_COMPILER_GLOBAL_ACCENT_COLOR_NAME = AccentColor;
				CODE_SIGN_STYLE = Automatic;
				CURRENT_PROJECT_VERSION = 1;
				DEVELOPMENT_ASSET_PATHS = "\"Adventure/Preview Content\"";
				DEVELOPMENT_TEAM = 58CJQAH42A;
				ENABLE_PREVIEWS = YES;
				GENERATE_INFOPLIST_FILE = YES;
				INFOPLIST_FILE = Adventure/Info.plist;
				INFOPLIST_KEY_UIApplicationSceneManifest_Generation = YES;
				INFOPLIST_KEY_UIApplicationSupportsIndirectInputEvents = YES;
				INFOPLIST_KEY_UILaunchScreen_Generation = YES;
				INFOPLIST_KEY_UISupportedInterfaceOrientations_iPad = "UIInterfaceOrientationPortrait UIInterfaceOrientationPortraitUpsideDown UIInterfaceOrientationLandscapeLeft UIInterfaceOrientationLandscapeRight";
				INFOPLIST_KEY_UISupportedInterfaceOrientations_iPhone = "UIInterfaceOrientationPortrait UIInterfaceOrientationLandscapeLeft UIInterfaceOrientationLandscapeRight";
				LD_RUNPATH_SEARCH_PATHS = (
					"$(inherited)",
					"@executable_path/Frameworks",
				);
				MARKETING_VERSION = 1.0;
				PRODUCT_BUNDLE_IDENTIFIER = co.andsomore.Adventure;
				PRODUCT_NAME = "$(TARGET_NAME)";
				SWIFT_EMIT_LOC_STRINGS = YES;
				SWIFT_VERSION = 5.0;
				TARGETED_DEVICE_FAMILY = "1,2";
			};
			name = Debug;
		};
		7991E2BB2BB515FF00F4FD2C /* Release */ = {
			isa = XCBuildConfiguration;
			buildSettings = {
				ASSETCATALOG_COMPILER_APPICON_NAME = AppIcon;
				ASSETCATALOG_COMPILER_GLOBAL_ACCENT_COLOR_NAME = AccentColor;
				CODE_SIGN_STYLE = Automatic;
				CURRENT_PROJECT_VERSION = 1;
				DEVELOPMENT_ASSET_PATHS = "\"Adventure/Preview Content\"";
				DEVELOPMENT_TEAM = 58CJQAH42A;
				ENABLE_PREVIEWS = YES;
				GENERATE_INFOPLIST_FILE = YES;
				INFOPLIST_FILE = Adventure/Info.plist;
				INFOPLIST_KEY_UIApplicationSceneManifest_Generation = YES;
				INFOPLIST_KEY_UIApplicationSupportsIndirectInputEvents = YES;
				INFOPLIST_KEY_UILaunchScreen_Generation = YES;
				INFOPLIST_KEY_UISupportedInterfaceOrientations_iPad = "UIInterfaceOrientationPortrait UIInterfaceOrientationPortraitUpsideDown UIInterfaceOrientationLandscapeLeft UIInterfaceOrientationLandscapeRight";
				INFOPLIST_KEY_UISupportedInterfaceOrientations_iPhone = "UIInterfaceOrientationPortrait UIInterfaceOrientationLandscapeLeft UIInterfaceOrientationLandscapeRight";
				LD_RUNPATH_SEARCH_PATHS = (
					"$(inherited)",
					"@executable_path/Frameworks",
				);
				MARKETING_VERSION = 1.0;
				PRODUCT_BUNDLE_IDENTIFIER = co.andsomore.Adventure;
				PRODUCT_NAME = "$(TARGET_NAME)";
				SWIFT_EMIT_LOC_STRINGS = YES;
				SWIFT_VERSION = 5.0;
				TARGETED_DEVICE_FAMILY = "1,2";
			};
			name = Release;
		};
/* End XCBuildConfiguration section */

/* Begin XCConfigurationList section */
		7991E2A62BB515FE00F4FD2C /* Build configuration list for PBXProject "Adventure" */ = {
			isa = XCConfigurationList;
			buildConfigurations = (
				7991E2B72BB515FF00F4FD2C /* Debug */,
				7991E2B82BB515FF00F4FD2C /* Release */,
			);
			defaultConfigurationIsVisible = 0;
			defaultConfigurationName = Release;
		};
		7991E2B92BB515FF00F4FD2C /* Build configuration list for PBXNativeTarget "Adventure" */ = {
			isa = XCConfigurationList;
			buildConfigurations = (
				7991E2BA2BB515FF00F4FD2C /* Debug */,
				7991E2BB2BB515FF00F4FD2C /* Release */,
			);
			defaultConfigurationIsVisible = 0;
			defaultConfigurationName = Release;
		};
/* End XCConfigurationList section */
	};
	rootObject = 7991E2A32BB515FE00F4FD2C /* Project object */;
}
